# THIS IS AN AUTOGENERATED FILE. DO NOT EDIT THIS FILE DIRECTLY.
# yarn lockfile v1


"@oxc-project/types@=0.152.0":
  version "0.152.0"
  resolved "https://registry.yarnpkg.com/@oxc-project/types/-/types-0.152.0.tgz#643ff80ce7aacea025f859f13b60cbb42ae0a613"

"@oxlint/binding-android-arm-eabi@1.86.0":
  version "1.86.0"
  resolved "https://registry.yarnpkg.com/@oxlint/binding-android-arm-eabi/-/binding-android-arm-eabi-1.86.0.tgz#53c7e6c799761229eddfd16ae0cf4df852d72afc"

"@oxlint/binding-android-arm64@1.86.0":
  version "1.86.0"
  resolved "https://registry.yarnpkg.com/@oxlint/binding-android-arm64/-/binding-android-arm64-1.86.0.tgz#7e4b00a16f9849a76757d4aee825a4961e4cb308"

"@oxlint/binding-darwin-arm64@1.86.0":
  version "1.86.0"
  resolved "https://registry.yarnpkg.com/@oxlint/binding-darwin-arm64/-/binding-darwin-arm64-1.86.0.tgz#12b0d390e913da1ebb14190f9cbcb6e366c7525d"

"@oxlint/binding-darwin-x64@1.86.0":
  version "1.86.0"
  resolved "https://registry.yarnpkg.com/@oxlint/binding-darwin-x64/-/binding-darwin-x64-1.86.0.tgz#864c33d7aa3c0e4547604054fe4101e00f61685b"

"@oxlint/binding-freebsd-x64@1.86.0":
  version "1.86.0"
  resolved "https://registry.yarnpkg.com/@oxlint/binding-freebsd-x64/-/binding-freebsd-x64-1.86.0.tgz#62b09121f28b3ed7664dc718ad3cd15acf6153bb"

"@oxlint/binding-linux-arm-gnueabihf@1.86.0":
  version "1.86.0"
  resolved "https://registry.yarnpkg.com/@oxlint/binding-linux-arm-gnueabihf/-/binding-linux-arm-gnueabihf-1.86.0.tgz#81f07f56e0e69d26387be6a1a185512873642737"

"@oxlint/binding-linux-arm-musleabihf@1.86.0":
  version "1.86.0"
  resolved "https://registry.yarnpkg.com/@oxlint/binding-linux-arm-musleabihf/-/binding-linux-arm-musleabihf-1.86.0.tgz#7a3a20e9f5bb04a4d0d4111bd300b7cf8dcb85a4"

"@oxlint/binding-linux-arm64-gnu@1.86.0":
  version "1.86.0"
  resolved "https://registry.yarnpkg.com/@oxlint/binding-linux-arm64-gnu/-/binding-linux-arm64-gnu-1.86.0.tgz#b876d20c845fb14f89a3e2bcdff4be8d127c9169"

"@oxlint/binding-linux-arm64-musl@1.86.0":
  version "1.86.0"
  resolved "https://registry.yarnpkg.com/@oxlint/binding-linux-arm64-musl/-/binding-linux-arm64-musl-1.86.0.tgz#c9ee28093e7524364b918e1cd025286ff4c2fa82"

"@oxlint/binding-linux-ppc64-gnu@1.86.0":
  version "1.86.0"
  resolved "https://registry.yarnpkg.com/@oxlint/binding-linux-ppc64-gnu/-/binding-linux-ppc64-gnu-1.86.0.tgz#7964bf1e7593403e6b5013eece02cd3018a7ed1b"

"@oxlint/binding-linux-riscv64-gnu@1.86.0":
  version "1.86.0"
  resolved "https://registry.yarnpkg.com/@oxlint/binding-linux-riscv64-gnu/-/binding-linux-riscv64-gnu-1.86.0.tgz#dd843ff3e41715311a30ce693ab4df91150dcb38"

"@oxlint/binding-linux-riscv64-musl@1.86.0":
  version "1.86.0"
  resolved "https://registry.yarnpkg.com/@oxlint/binding-linux-riscv64-musl/-/binding-linux-riscv64-musl-1.86.0.tgz#7bb8bdb9c03b651f57f868ed2279f940ef19b8fc"

"@oxlint/binding-linux-s390x-gnu@1.86.0":
  version "1.86.0"
  resolved "https://registry.yarnpkg.com/@oxlint/binding-linux-s390x-gnu/-/binding-linux-s390x-gnu-1.86.0.tgz#14aba52915f8df19b2802a5ec5d2308ff8f2ddb2"

"@oxlint/binding-linux-x64-gnu@1.86.0":
  version "1.86.0"
  resolved "https://registry.yarnpkg.com/@oxlint/binding-linux-x64-gnu/-/binding-linux-x64-gnu-1.86.0.tgz#6bb162b2359860ec6c0cb1d0ad7001045ac21d7e"

"@oxlint/binding-linux-x64-musl@1.86.0":
  version "1.86.0"
  resolved "https://registry.yarnpkg.com/@oxlint/binding-linux-x64-musl/-/binding-linux-x64-musl-1.86.0.tgz#9235a290fc704fb75ec62302c4f935f5ee966d33"

"@oxlint/binding-openharmony-arm64@1.86.0":
  version "1.86.0"
  resolved "https://registry.yarnpkg.com/@oxlint/binding-openharmony-arm64/-/binding-openharmony-arm64-1.86.0.tgz#d7ebd7d549912d1dd567a9f0778e9a270021244e"

"@oxlint/binding-win32-arm64-msvc@1.86.0":
  version "1.86.0"
  resolved "https://registry.yarnpkg.com/@oxlint/binding-win32-arm64-msvc/-/binding-win32-arm64-msvc-1.86.0.tgz#902c2cd7292dfaf0d889a094806d337848ba7486"

"@oxlint/binding-win32-ia32-msvc@1.86.0":
  version "1.86.0"
  resolved "https://registry.yarnpkg.com/@oxlint/binding-win32-ia32-msvc/-/binding-win32-ia32-msvc-1.86.0.tgz#f06500f4b1c3abac324710eded785537aa6799e3"

"@oxlint/binding-win32-x64-msvc@1.86.0":
  version "1.86.0"
  resolved "https://registry.yarnpkg.com/@oxlint/binding-win32-x64-msvc/-/binding-win32-x64-msvc-1.86.0.tgz#bef9b82d6408a5a228b0e31902c8bdd482ad169c"

"@react-leaflet/core@^3.0.0":
  version "3.0.0"
  resolved "https://registry.yarnpkg.com/@react-leaflet/core/-/core-3.0.0.tgz#34ccc280ce7d8ac5c09f2b3d5fffded450bdf1a2"

"@reduxjs/toolkit@^1.9.0 || 2.x.x":
  version "2.13.0"
  resolved "https://registry.yarnpkg.com/@reduxjs/toolkit/-/toolkit-2.13.0.tgz#9603bebd496c1872deed336b2fabab891de7ac1f"
  dependencies:
    "@standard-schema/spec" "^1.0.0"
    "@standard-schema/utils" "^0.3.0"
    immer "^11.0.0"
    redux "^5.0.1"
    redux-thunk "^3.1.0"
    reselect "^5.1.0"

"@rolldown/binding-android-arm-eabi@1.2.12":
  version "1.2.12"
  resolved "https://registry.yarnpkg.com/@rolldown/binding-android-arm-eabi/-/binding-android-arm-eabi-1.2.12.tgz#efba4353480c76804606f106c9ac01f0ddfa7d13"

"@rolldown/binding-android-arm64@1.2.12":
  version "1.2.12"
  resolved "https://registry.yarnpkg.com/@rolldown/binding-android-arm64/-/binding-android-arm64-1.2.12.tgz#6255422c39c2b45ee44b0286df902b9481f76ecb"

"@rolldown/binding-darwin-arm64@1.2.12":
  version "1.2.12"
  resolved "https://registry.yarnpkg.com/@rolldown/binding-darwin-arm64/-/binding-darwin-arm64-1.2.12.tgz#2d7d153d657f5ee4d44abb752ae7d64cac049ca5"

"@rolldown/binding-darwin-x64@1.2.12":
  version "1.2.12"
  resolved "https://registry.yarnpkg.com/@rolldown/binding-darwin-x64/-/binding-darwin-x64-1.2.12.tgz#7ddc83ecef05fb28f1174e5be3eb4ae5307faedf"

"@rolldown/binding-freebsd-x64@1.2.12":
  version "1.2.12"
  resolved "https://registry.yarnpkg.com/@rolldown/binding-freebsd-x64/-/binding-freebsd-x64-1.2.12.tgz#9e68e57cc3a1c5ea363129234fd5dcc8537606dd"

"@rolldown/binding-linux-arm-gnueabihf@1.2.12":
  version "1.2.12"
  resolved "https://registry.yarnpkg.com/@rolldown/binding-linux-arm-gnueabihf/-/binding-linux-arm-gnueabihf-1.2.12.tgz#335b4f2cbf8c8a2d1016f79feeb0187c578f5f7a"

"@rolldown/binding-linux-arm64-gnu@1.2.12":
  version "1.2.12"
  resolved "https://registry.yarnpkg.com/@rolldown/binding-linux-arm64-gnu/-/binding-linux-arm64-gnu-1.2.12.tgz#759fc27992583653f87dc447b4be02b4ddd0d1b4"

"@rolldown/binding-linux-arm64-musl@1.2.12":
  version "1.2.12"
  resolved "https://registry.yarnpkg.com/@rolldown/binding-linux-arm64-musl/-/binding-linux-arm64-musl-1.2.12.tgz#e1f3094429a874cb76e2c7735759d333ad8f6791"

"@rolldown/binding-linux-ppc64-gnu@1.2.12":
  version "1.2.12"
  resolved "https://registry.yarnpkg.com/@rolldown/binding-linux-ppc64-gnu/-/binding-linux-ppc64-gnu-1.2.12.tgz#0ca361ac97774403dd5fe5976a363eb9c2139dc5"

"@rolldown/binding-linux-s390x-gnu@1.2.12":
  version "1.2.12"
  resolved "https://registry.yarnpkg.com/@rolldown/binding-linux-s390x-gnu/-/binding-linux-s390x-gnu-1.2.12.tgz#e40fb19c56e99197aec91ecb02756ebd378a347c"

"@rolldown/binding-linux-x64-gnu@1.2.12":
  version "1.2.12"
  resolved "https://registry.yarnpkg.com/@rolldown/binding-linux-x64-gnu/-/binding-linux-x64-gnu-1.2.12.tgz#215aeb601d0daaf5d28582c1f2e967c775a6c70a"

"@rolldown/binding-linux-x64-musl@1.2.12":
  version "1.2.12"
  resolved "https://registry.yarnpkg.com/@rolldown/binding-linux-x64-musl/-/binding-linux-x64-musl-1.2.12.tgz#90905cdd1ab12242d72de38b7ec9aa826a9ee17c"

"@rolldown/binding-openharmony-arm64@1.2.12":
  version "1.2.12"
  resolved "https://registry.yarnpkg.com/@rolldown/binding-openharmony-arm64/-/binding-openharmony-arm64-1.2.12.tgz#e6868debd9202c476786f0995ca8250f3f647972"

"@rolldown/binding-win32-arm64-msvc@1.2.12":
  version "1.2.12"
  resolved "https://registry.yarnpkg.com/@rolldown/binding-win32-arm64-msvc/-/binding-win32-arm64-msvc-1.2.12.tgz#a335ae382cbf3b282c3a6fe620fe4f4a0e25dfda"

"@rolldown/binding-win32-x64-msvc@1.2.12":
  version "1.2.12"
  resolved "https://registry.yarnpkg.com/@rolldown/binding-win32-x64-msvc/-/binding-win32-x64-msvc-1.2.12.tgz#55d6f9c288aa220f758310c39c31aa1c4d309830"

"@rolldown/pluginutils@^1.0.0", "@rolldown/pluginutils@^1.0.1":
  version "1.0.1"
  resolved "https://registry.yarnpkg.com/@rolldown/pluginutils/-/pluginutils-1.0.1.tgz#e3fcee093fbb5ce765e1ad088ff4de2889f6f9be"

"@standard-schema/spec@^1.0.0":
  version "1.1.0"
  resolved "https://registry.yarnpkg.com/@standard-schema/spec/-/spec-1.1.0.tgz#a79b55dbaf8604812f52d140b2c9ab41bc150bb8"

"@standard-schema/utils@^0.3.0":
  version "0.3.0"
  resolved "https://registry.yarnpkg.com/@standard-schema/utils/-/utils-0.3.0.tgz#3d5e608f16c2390c10528e98e59aef6bf73cae7b"

"@types/d3-array@^3.0.3":
  version "3.2.2"
  resolved "https://registry.yarnpkg.com/@types/d3-array/-/d3-array-3.2.2.tgz#e02151464d02d4a1b44646d0fcdb93faf88fde8c"

"@types/d3-color@*":
  version "3.1.3"
  resolved "https://registry.yarnpkg.com/@types/d3-color/-/d3-color-3.1.3.tgz#368c961a18de721da8200e80bf3943fb53136af2"

"@types/d3-ease@^3.0.0":
  version "3.0.2"
  resolved "https://registry.yarnpkg.com/@types/d3-ease/-/d3-ease-3.0.2.tgz#e28db1bfbfa617076f7770dd1d9a48eaa3b6c51b"

"@types/d3-interpolate@^3.0.1":
  version "3.0.4"
  resolved "https://registry.yarnpkg.com/@types/d3-interpolate/-/d3-interpolate-3.0.4.tgz#412b90e84870285f2ff8a846c6eb60344f12a41c"
  dependencies:
    "@types/d3-color" "*"

"@types/d3-path@*":
  version "3.1.1"
  resolved "https://registry.yarnpkg.com/@types/d3-path/-/d3-path-3.1.1.tgz#f632b380c3aca1dba8e34aa049bcd6a4af23df8a"

"@types/d3-scale@^4.0.2":
  version "4.0.9"
  resolved "https://registry.yarnpkg.com/@types/d3-scale/-/d3-scale-4.0.9.tgz#57a2f707242e6fe1de81ad7bfcccaaf606179afb"
  dependencies:
    "@types/d3-time" "*"

"@types/d3-shape@^3.1.0":
  version "3.2.0"
  resolved "https://registry.yarnpkg.com/@types/d3-shape/-/d3-shape-3.2.0.tgz#66ff342011dc243c6c20e6b899523d148aca412d"
  dependencies:
    "@types/d3-path" "*"

"@types/d3-time@*", "@types/d3-time@^3.0.0":
  version "3.0.4"
  resolved "https://registry.yarnpkg.com/@types/d3-time/-/d3-time-3.0.4.tgz#8472feecd639691450dd8000eb33edd444e1323f"

"@types/d3-timer@^3.0.0":
  version "3.0.2"
  resolved "https://registry.yarnpkg.com/@types/d3-timer/-/d3-timer-3.0.2.tgz#70bbda77dc23aa727413e22e214afa3f0e852f70"

"@types/react-dom@^19.2.7":
  version "19.3.0"
  resolved "https://registry.yarnpkg.com/@types/react-dom/-/react-dom-19.3.0.tgz#90294a9266efd928a5266f2110d60d5dba5015d2"

"@types/react@^19.2.18":
  version "19.3.0"
  resolved "https://registry.yarnpkg.com/@types/react/-/react-19.3.0.tgz#3b3ce8d8c1627fb5ccd4dadd57ef445c5a153b77"
  dependencies:
    csstype "^3.2.2"

"@types/use-sync-external-store@^0.0.6":
  version "0.0.6"
  resolved "https://registry.yarnpkg.com/@types/use-sync-external-store/-/use-sync-external-store-0.0.6.tgz#60be8d21baab8c305132eb9cb912ed497852aadc"

"@vitejs/plugin-react@^6.1.1":
  version "6.1.1"
  resolved "https://registry.yarnpkg.com/@vitejs/plugin-react/-/plugin-react-6.1.1.tgz#47fa1a2f956e88eaf778ebf65ddce8e2b36597e7"
  dependencies:
    "@rolldown/pluginutils" "^1.0.1"

agent-base@6:
  version "6.0.2"
  resolved "https://registry.yarnpkg.com/agent-base/-/agent-base-6.0.2.tgz#49fff58577cfee3f37176feab4c22e00f86d7f77"
  dependencies:
    debug "4"

asynckit@^0.4.0:
  version "0.4.0"
  resolved "https://registry.yarnpkg.com/asynckit/-/asynckit-0.4.0.tgz#c79ed97f7f34cb8f2ba1bc9790bcc366474b4b79"

axios@^1.20.0:
  version "1.20.0"
  resolved "https://registry.yarnpkg.com/axios/-/axios-1.20.0.tgz#515513445aa60e71d04b6521ca6210829ccb4786"
  dependencies:
    follow-redirects "^1.16.0"
    form-data "^4.0.6"
    https-proxy-agent "^5.0.1"
    proxy-from-env "^2.1.0"

call-bind-apply-helpers@^1.0.1, call-bind-apply-helpers@^1.0.2:
  version "1.0.2"
  resolved "https://registry.yarnpkg.com/call-bind-apply-helpers/-/call-bind-apply-helpers-1.0.2.tgz#4b5428c222be985d79c3d82657479dbe0b59b2d6"
  dependencies:
    es-errors "^1.3.0"
    function-bind "^1.1.2"

clsx@^2.1.1:
  version "2.1.1"
  resolved "https://registry.yarnpkg.com/clsx/-/clsx-2.1.1.tgz#eed397c9fd8bd882bfb18deab7102049a2f32999"

combined-stream@^1.0.8:
  version "1.0.8"
  resolved "https://registry.yarnpkg.com/combined-stream/-/combined-stream-1.0.8.tgz#c3d45a8b34fd730631a110a8a2520682b31d5a7f"
  dependencies:
    delayed-stream "~1.0.0"

csstype@^3.2.2:
  version "3.2.3"
  resolved "https://registry.yarnpkg.com/csstype/-/csstype-3.2.3.tgz#ec48c0f3e993e50648c86da559e2610995cf989a"

"d3-array@2 - 3", "d3-array@2.10.0 - 3", d3-array@^3.1.6:
  version "3.2.4"
  resolved "https://registry.yarnpkg.com/d3-array/-/d3-array-3.2.4.tgz#15fec33b237f97ac5d7c986dc77da273a8ed0bb5"
  dependencies:
    internmap "1 - 2"

"d3-color@1 - 3":
  version "3.1.0"
  resolved "https://registry.yarnpkg.com/d3-color/-/d3-color-3.1.0.tgz#395b2833dfac71507f12ac2f7af23bf819de24e2"

d3-ease@^3.0.1:
  version "3.0.1"
  resolved "https://registry.yarnpkg.com/d3-ease/-/d3-ease-3.0.1.tgz#9658ac38a2140d59d346160f1f6c30fda0bd12f4"

"d3-format@1 - 3":
  version "3.1.2"
  resolved "https://registry.yarnpkg.com/d3-format/-/d3-format-3.1.2.tgz#01fdb46b58beb1f55b10b42ad70b6e344d5eb2ae"

"d3-interpolate@1.2.0 - 3", d3-interpolate@^3.0.1:
  version "3.0.1"
  resolved "https://registry.yarnpkg.com/d3-interpolate/-/d3-interpolate-3.0.1.tgz#3c47aa5b32c5b3dfb56ef3fd4342078a632b400d"
  dependencies:
    d3-color "1 - 3"

d3-path@^3.1.0:
  version "3.1.0"
  resolved "https://registry.yarnpkg.com/d3-path/-/d3-path-3.1.0.tgz#22df939032fb5a71ae8b1800d61ddb7851c42526"

d3-scale@^4.0.2:
  version "4.0.2"
  resolved "https://registry.yarnpkg.com/d3-scale/-/d3-scale-4.0.2.tgz#82b38e8e8ff7080764f8dcec77bd4be393689396"
  dependencies:
    d3-array "2.10.0 - 3"
    d3-format "1 - 3"
    d3-interpolate "1.2.0 - 3"
    d3-time "2.1.1 - 3"
    d3-time-format "2 - 4"

d3-shape@^3.1.0:
  version "3.2.0"
  resolved "https://registry.yarnpkg.com/d3-shape/-/d3-shape-3.2.0.tgz#a1a839cbd9ba45f28674c69d7f855bcf91dfc6a5"
  dependencies:
    d3-path "^3.1.0"

"d3-time-format@2 - 4":
  version "4.1.0"
  resolved "https://registry.yarnpkg.com/d3-time-format/-/d3-time-format-4.1.0.tgz#7ab5257a5041d11ecb4fe70a5c7d16a195bb408a"
  dependencies:
    d3-time "1 - 3"

"d3-time@1 - 3", "d3-time@2.1.1 - 3", d3-time@^3.0.0:
  version "3.1.0"
  resolved "https://registry.yarnpkg.com/d3-time/-/d3-time-3.1.0.tgz#9310db56e992e3c0175e1ef385e545e48a9bb5c7"
  dependencies:
    d3-array "2 - 3"

d3-timer@^3.0.1:
  version "3.0.1"
  resolved "https://registry.yarnpkg.com/d3-timer/-/d3-timer-3.0.1.tgz#6284d2a2708285b1abb7e201eda4380af35e63b0"

debug@4:
  version "4.4.3"
  resolved "https://registry.yarnpkg.com/debug/-/debug-4.4.3.tgz#c6ae432d9bd9662582fce08709b038c58e9e3d6a"
  dependencies:
    ms "^2.1.3"

decimal.js-light@^2.5.1:
  version "2.5.1"
  resolved "https://registry.yarnpkg.com/decimal.js-light/-/decimal.js-light-2.5.1.tgz#134fd32508f19e208f4fb2f8dac0d2626a867934"

delayed-stream@~1.0.0:
  version "1.0.0"
  resolved "https://registry.yarnpkg.com/delayed-stream/-/delayed-stream-1.0.0.tgz#df3ae199acadfb7d440aaae0b29e2272b24ec619"

detect-libc@^2.0.3:
  version "2.1.2"
  resolved "https://registry.yarnpkg.com/detect-libc/-/detect-libc-2.1.2.tgz#689c5dcdc1900ef5583a4cb9f6d7b473742074ad"

dunder-proto@^1.0.1:
  version "1.0.1"
  resolved "https://registry.yarnpkg.com/dunder-proto/-/dunder-proto-1.0.1.tgz#d7ae667e1dc83482f8b70fd0f6eefc50da30f58a"
  dependencies:
    call-bind-apply-helpers "^1.0.1"
    es-errors "^1.3.0"
    gopd "^1.2.0"

es-define-property@^1.0.1:
  version "1.0.1"
  resolved "https://registry.yarnpkg.com/es-define-property/-/es-define-property-1.0.1.tgz#983eb2f9a6724e9303f61addf011c72e09e0b0fa"

es-errors@^1.3.0:
  version "1.3.0"
  resolved "https://registry.yarnpkg.com/es-errors/-/es-errors-1.3.0.tgz#05f75a25dab98e4fb1dcd5e1472c0546d5057c8f"

es-object-atoms@^1.0.0, es-object-atoms@^1.1.1:
  version "1.1.2"
  resolved "https://registry.yarnpkg.com/es-object-atoms/-/es-object-atoms-1.1.2.tgz#a2d0b373205724dfa525d23b0c3e1b1ca582c99b"
  dependencies:
    es-errors "^1.3.0"

es-set-tostringtag@^2.1.0:
  version "2.1.0"
  resolved "https://registry.yarnpkg.com/es-set-tostringtag/-/es-set-tostringtag-2.1.0.tgz#f31dbbe0c183b00a6d26eb6325c810c0fd18bd4d"
  dependencies:
    es-errors "^1.3.0"
    get-intrinsic "^1.2.6"
    has-tostringtag "^1.0.2"
    hasown "^2.0.2"

es-toolkit@^1.39.3:
  version "1.52.0"
  resolved "https://registry.yarnpkg.com/es-toolkit/-/es-toolkit-1.52.0.tgz#71eaf1a8b18834ef77637eccbb885ba4c03cd6dd"

eventemitter3@^5.0.1:
  version "5.0.4"
  resolved "https://registry.yarnpkg.com/eventemitter3/-/eventemitter3-5.0.4.tgz#a86d66170433712dde814707ac52b5271ceb1feb"

fdir@^6.5.0:
  version "6.5.0"
  resolved "https://registry.yarnpkg.com/fdir/-/fdir-6.5.0.tgz#ed2ab967a331ade62f18d077dae192684d50d350"

follow-redirects@^1.16.0:
  version "1.16.0"
  resolved "https://registry.yarnpkg.com/follow-redirects/-/follow-redirects-1.16.0.tgz#28474a159d3b9d11ef62050a14ed60e4df6d61bc"

form-data@^4.0.6:
  version "4.0.6"
  resolved "https://registry.yarnpkg.com/form-data/-/form-data-4.0.6.tgz#28e864e1b786dbebb68db1f452f9635278665827"
  dependencies:
    asynckit "^0.4.0"
    combined-stream "^1.0.8"
    es-set-tostringtag "^2.1.0"
    hasown "^2.0.4"
    mime-types "^2.1.35"

fsevents@~2.3.3:
  version "2.3.3"
  resolved "https://registry.yarnpkg.com/fsevents/-/fsevents-2.3.3.tgz#cac6407785d03675a2a5e1a5305c697b347d90d6"

function-bind@^1.1.2:
  version "1.1.2"
  resolved "https://registry.yarnpkg.com/function-bind/-/function-bind-1.1.2.tgz#2c02d864d97f3ea6c8830c464cbd11ab6eab7a1c"

get-intrinsic@^1.2.6:
  version "1.3.0"
  resolved "https://registry.yarnpkg.com/get-intrinsic/-/get-intrinsic-1.3.0.tgz#743f0e3b6964a93a5491ed1bffaae054d7f98d01"
  dependencies:
    call-bind-apply-helpers "^1.0.2"
    es-define-property "^1.0.1"
    es-errors "^1.3.0"
    es-object-atoms "^1.1.1"
    function-bind "^1.1.2"
    get-proto "^1.0.1"
    gopd "^1.2.0"
    has-symbols "^1.1.0"
    hasown "^2.0.2"
    math-intrinsics "^1.1.0"

get-proto@^1.0.1:
  version "1.0.1"
  resolved "https://registry.yarnpkg.com/get-proto/-/get-proto-1.0.1.tgz#150b3f2743869ef3e851ec0c49d15b1d14d00ee1"
  dependencies:
    dunder-proto "^1.0.1"
    es-object-atoms "^1.0.0"

gopd@^1.2.0:
  version "1.2.0"
  resolved "https://registry.yarnpkg.com/gopd/-/gopd-1.2.0.tgz#89f56b8217bdbc8802bd299df6d7f1081d7e51a1"

has-symbols@^1.0.3, has-symbols@^1.1.0:
  version "1.1.0"
  resolved "https://registry.yarnpkg.com/has-symbols/-/has-symbols-1.1.0.tgz#fc9c6a783a084951d0b971fe1018de813707a338"

has-tostringtag@^1.0.2:
  version "1.0.2"
  resolved "https://registry.yarnpkg.com/has-tostringtag/-/has-tostringtag-1.0.2.tgz#2cdc42d40bef2e5b4eeab7c01a73c54ce7ab5abc"
  dependencies:
    has-symbols "^1.0.3"

hasown@^2.0.2, hasown@^2.0.4:
  version "2.0.4"
  resolved "https://registry.yarnpkg.com/hasown/-/hasown-2.0.4.tgz#8c62d8cb90beb2aad5d0a5b67581ad9854c3f003"
  dependencies:
    function-bind "^1.1.2"

https-proxy-agent@^5.0.1:
  version "5.0.1"
  resolved "https://registry.yarnpkg.com/https-proxy-agent/-/https-proxy-agent-5.0.1.tgz#c59ef224a04fe8b754f3db0063a25ea30d0005d6"
  dependencies:
    agent-base "6"
    debug "4"

immer@^11.0.0, immer@^11.1.8:
  version "11.1.18"
  resolved "https://registry.yarnpkg.com/immer/-/immer-11.1.18.tgz#87d9bced1e25157dc23bced66811de89460ec8f3"

"internmap@1 - 2":
  version "2.0.3"
  resolved "https://registry.yarnpkg.com/internmap/-/internmap-2.0.3.tgz#6685f23755e43c524e251d29cbc97248e3061009"

leaflet@^1.9.4:
  version "1.9.4"
  resolved "https://registry.yarnpkg.com/leaflet/-/leaflet-1.9.4.tgz#23fae724e282fa25745aff82ca4d394748db7d8d"

lightningcss-android-arm64@1.33.0:
  version "1.33.0"
  resolved "https://registry.yarnpkg.com/lightningcss-android-arm64/-/lightningcss-android-arm64-1.33.0.tgz#9a6841f88ae50fc83502903892b41af41bc2b907"

lightningcss-darwin-arm64@1.33.0:
  version "1.33.0"
  resolved "https://registry.yarnpkg.com/lightningcss-darwin-arm64/-/lightningcss-darwin-arm64-1.33.0.tgz#c0f2c31c0bfd19fa4dd3f18e957a1f1a152097d6"

lightningcss-darwin-x64@1.33.0:
  version "1.33.0"
  resolved "https://registry.yarnpkg.com/lightningcss-darwin-x64/-/lightningcss-darwin-x64-1.33.0.tgz#cb0705965acb538c6683949ce6925fb3cdf7c361"

lightningcss-freebsd-x64@1.33.0:
  version "1.33.0"
  resolved "https://registry.yarnpkg.com/lightningcss-freebsd-x64/-/lightningcss-freebsd-x64-1.33.0.tgz#763538828b26bab2680dadafcc84ee78b0eb502b"

lightningcss-linux-arm-gnueabihf@1.33.0:
  version "1.33.0"
  resolved "https://registry.yarnpkg.com/lightningcss-linux-arm-gnueabihf/-/lightningcss-linux-arm-gnueabihf-1.33.0.tgz#6862e3176a331aedbdec1ed352b4d7d0dd0784de"

lightningcss-linux-arm64-gnu@1.33.0:
  version "1.33.0"
  resolved "https://registry.yarnpkg.com/lightningcss-linux-arm64-gnu/-/lightningcss-linux-arm64-gnu-1.33.0.tgz#c6a3a2ed15141daf6bdc2628930f8e39bdf473aa"

lightningcss-linux-arm64-musl@1.33.0:
  version "1.33.0"
  resolved "https://registry.yarnpkg.com/lightningcss-linux-arm64-musl/-/lightningcss-linux-arm64-musl-1.33.0.tgz#7fa1334971fc82845f9827df6ef8a0b20914bac6"

lightningcss-linux-x64-gnu@1.33.0:
  version "1.33.0"
  resolved "https://registry.yarnpkg.com/lightningcss-linux-x64-gnu/-/lightningcss-linux-x64-gnu-1.33.0.tgz#8b927862ea8c2bbc6831a46509244b50d9936e55"

lightningcss-linux-x64-musl@1.33.0:
  version "1.33.0"
  resolved "https://registry.yarnpkg.com/lightningcss-linux-x64-musl/-/lightningcss-linux-x64-musl-1.33.0.tgz#0c525bb077dfd94404c059cfe42dad797e96aeaf"

lightningcss-win32-arm64-msvc@1.33.0:
  version "1.33.0"
  resolved "https://registry.yarnpkg.com/lightningcss-win32-arm64-msvc/-/lightningcss-win32-arm64-msvc-1.33.0.tgz#850ee1103dac989cfab50e3ac22d1a69e394e63d"

lightningcss-win32-x64-msvc@1.33.0:
  version "1.33.0"
  resolved "https://registry.yarnpkg.com/lightningcss-win32-x64-msvc/-/lightningcss-win32-x64-msvc-1.33.0.tgz#e343ae152eed3609dc6e11949d1a3bf39a1c946f"

lightningcss@^1.33.0:
  version "1.33.0"
  resolved "https://registry.yarnpkg.com/lightningcss/-/lightningcss-1.33.0.tgz#c08867d71a79385c6e190214fd72fef3e5f95f0b"
  dependencies:
    detect-libc "^2.0.3"
  optionalDependencies:
    lightningcss-android-arm64 "1.33.0"
    lightningcss-darwin-arm64 "1.33.0"
    lightningcss-darwin-x64 "1.33.0"
    lightningcss-freebsd-x64 "1.33.0"
    lightningcss-linux-arm-gnueabihf "1.33.0"
    lightningcss-linux-arm64-gnu "1.33.0"
    lightningcss-linux-arm64-musl "1.33.0"
    lightningcss-linux-x64-gnu "1.33.0"
    lightningcss-linux-x64-musl "1.33.0"
    lightningcss-win32-arm64-msvc "1.33.0"
    lightningcss-win32-x64-msvc "1.33.0"

math-intrinsics@^1.1.0:
  version "1.1.0"
  resolved "https://registry.yarnpkg.com/math-intrinsics/-/math-intrinsics-1.1.0.tgz#a0dd74be81e2aa5c2f27e65ce283605ee4e2b7f9"

mime-db@1.52.0:
  version "1.52.0"
  resolved "https://registry.yarnpkg.com/mime-db/-/mime-db-1.52.0.tgz#bbabcdc02859f4987301c856e3387ce5ec43bf70"

mime-types@^2.1.35:
  version "2.1.35"
  resolved "https://registry.yarnpkg.com/mime-types/-/mime-types-2.1.35.tgz#381a871b62a734450660ae3deee44813f70d959a"
  dependencies:
    mime-db "1.52.0"

ms@^2.1.3:
  version "2.1.3"
  resolved "https://registry.yarnpkg.com/ms/-/ms-2.1.3.tgz#574c8138ce1d2b5861f0b44579dbadd60c6615b2"

nanoid@^3.3.18:
  version "3.3.19"
  resolved "https://registry.yarnpkg.com/nanoid/-/nanoid-3.3.19.tgz#336d4aa4bcd4fb24d2cddede7ffeae40bec03f0a"

oxlint@^1.81.0:
  version "1.86.0"
  resolved "https://registry.yarnpkg.com/oxlint/-/oxlint-1.86.0.tgz#6b5d3f095eb32a8003839bffaf39e4203df644e3"
  optionalDependencies:
    "@oxlint/binding-android-arm-eabi" "1.86.0"
    "@oxlint/binding-android-arm64" "1.86.0"
    "@oxlint/binding-darwin-arm64" "1.86.0"
    "@oxlint/binding-darwin-x64" "1.86.0"
    "@oxlint/binding-freebsd-x64" "1.86.0"
    "@oxlint/binding-linux-arm-gnueabihf" "1.86.0"
    "@oxlint/binding-linux-arm-musleabihf" "1.86.0"
    "@oxlint/binding-linux-arm64-gnu" "1.86.0"
    "@oxlint/binding-linux-arm64-musl" "1.86.0"
    "@oxlint/binding-linux-ppc64-gnu" "1.86.0"
    "@oxlint/binding-linux-riscv64-gnu" "1.86.0"
    "@oxlint/binding-linux-riscv64-musl" "1.86.0"
    "@oxlint/binding-linux-s390x-gnu" "1.86.0"
    "@oxlint/binding-linux-x64-gnu" "1.86.0"
    "@oxlint/binding-linux-x64-musl" "1.86.0"
    "@oxlint/binding-openharmony-arm64" "1.86.0"
    "@oxlint/binding-win32-arm64-msvc" "1.86.0"
    "@oxlint/binding-win32-ia32-msvc" "1.86.0"
    "@oxlint/binding-win32-x64-msvc" "1.86.0"

picocolors@^1.1.1:
  version "1.1.1"
  resolved "https://registry.yarnpkg.com/picocolors/-/picocolors-1.1.1.tgz#3d321af3eab939b083c8f929a1d12cda81c26b6b"

picomatch@^4.0.4, picomatch@^4.0.7:
  version "4.0.7"
  resolved "https://registry.yarnpkg.com/picomatch/-/picomatch-4.0.7.tgz#6313360034ccb36b3dc61ecbdff78121f90fe21f"

postcss@^8.5.28:
  version "8.5.28"
  resolved "https://registry.yarnpkg.com/postcss/-/postcss-8.5.28.tgz#da4563a99a06e62d6c1cd1acae363224bcaed6e9"
  dependencies:
    nanoid "^3.3.18"
    picocolors "^1.1.1"
    source-map-js "^1.2.1"

proxy-from-env@^2.1.0:
  version "2.1.0"
  resolved "https://registry.yarnpkg.com/proxy-from-env/-/proxy-from-env-2.1.0.tgz#a7487568adad577cfaaa7e88c49cab3ab3081aba"

react-dom@^19.2.8:
  version "19.3.0"
  resolved "https://registry.yarnpkg.com/react-dom/-/react-dom-19.3.0.tgz#a0ff19161d7f4e9be5469a07278b0c06e00f9001"
  dependencies:
    scheduler "^0.28.0"

react-is@^19.3.0:
  version "19.3.0"
  resolved "https://registry.yarnpkg.com/react-is/-/react-is-19.3.0.tgz#716028d67e9993d23a2d353c6d08a3c1ef2bbeb4"

react-leaflet@^5.0.0:
  version "5.0.0"
  resolved "https://registry.yarnpkg.com/react-leaflet/-/react-leaflet-5.0.0.tgz#945d40bad13b69e8606278b19446b00bab57376a"
  dependencies:
    "@react-leaflet/core" "^3.0.0"

"react-redux@8.x.x || 9.x.x":
  version "9.3.0"
  resolved "https://registry.yarnpkg.com/react-redux/-/react-redux-9.3.0.tgz#a30113bb6d95c0a715d54dda4308d450fca6ce09"
  dependencies:
    "@types/use-sync-external-store" "^0.0.6"
    use-sync-external-store "^1.4.0"

react@^19.2.8:
  version "19.3.0"
  resolved "https://registry.yarnpkg.com/react/-/react-19.3.0.tgz#e20aa3a14687075ce863351b5878b0608c3fbfb2"

recharts@^3.10.1:
  version "3.10.1"
  resolved "https://registry.yarnpkg.com/recharts/-/recharts-3.10.1.tgz#e6f52c2604a38f728b6d47f95881595fa6604c6c"
  dependencies:
    "@reduxjs/toolkit" "^1.9.0 || 2.x.x"
    clsx "^2.1.1"
    decimal.js-light "^2.5.1"
    es-toolkit "^1.39.3"
    eventemitter3 "^5.0.1"
    immer "^11.1.8"
    react-redux "8.x.x || 9.x.x"
    reselect "5.2.0"
    tiny-invariant "^1.3.3"
    use-sync-external-store "^1.2.2"
    victory-vendor "^37.0.2"

redux-thunk@^3.1.0:
  version "3.1.0"
  resolved "https://registry.yarnpkg.com/redux-thunk/-/redux-thunk-3.1.0.tgz#94aa6e04977c30e14e892eae84978c1af6058ff3"

redux@^5.0.1:
  version "5.0.1"
  resolved "https://registry.yarnpkg.com/redux/-/redux-5.0.1.tgz#97fa26881ce5746500125585d5642c77b6e9447b"

reselect@5.2.0:
  version "5.2.0"
  resolved "https://registry.yarnpkg.com/reselect/-/reselect-5.2.0.tgz#f380ef7664332d26ea06c1cba04bdbbdcaa955f1"

reselect@^5.1.0:
  version "5.3.0"
  resolved "https://registry.yarnpkg.com/reselect/-/reselect-5.3.0.tgz#0a3e3ed4436bdf2ab7c5e0f392dab2c062595d61"

rolldown@~1.2.11:
  version "1.2.12"
  resolved "https://registry.yarnpkg.com/rolldown/-/rolldown-1.2.12.tgz#75215a6b55a2a9e8f577ac937a4fe42d9682ae0c"
  dependencies:
    "@oxc-project/types" "=0.152.0"
    "@rolldown/pluginutils" "^1.0.0"
  optionalDependencies:
    "@rolldown/binding-android-arm-eabi" "1.2.12"
    "@rolldown/binding-android-arm64" "1.2.12"
    "@rolldown/binding-darwin-arm64" "1.2.12"
    "@rolldown/binding-darwin-x64" "1.2.12"
    "@rolldown/binding-freebsd-x64" "1.2.12"
    "@rolldown/binding-linux-arm-gnueabihf" "1.2.12"
    "@rolldown/binding-linux-arm64-gnu" "1.2.12"
    "@rolldown/binding-linux-arm64-musl" "1.2.12"
    "@rolldown/binding-linux-ppc64-gnu" "1.2.12"
    "@rolldown/binding-linux-s390x-gnu" "1.2.12"
    "@rolldown/binding-linux-x64-gnu" "1.2.12"
    "@rolldown/binding-linux-x64-musl" "1.2.12"
    "@rolldown/binding-openharmony-arm64" "1.2.12"
    "@rolldown/binding-win32-arm64-msvc" "1.2.12"
    "@rolldown/binding-win32-x64-msvc" "1.2.12"

scheduler@^0.28.0:
  version "0.28.0"
  resolved "https://registry.yarnpkg.com/scheduler/-/scheduler-0.28.0.tgz#03d3ca348aeaf8b7502f64468f217b27523f9695"

source-map-js@^1.2.1:
  version "1.2.2"
  resolved "https://registry.yarnpkg.com/source-map-js/-/source-map-js-1.2.2.tgz#79fb88d97535a21cb27162cb05d211b67acea4ab"

tiny-invariant@^1.3.3:
  version "1.3.3"
  resolved "https://registry.yarnpkg.com/tiny-invariant/-/tiny-invariant-1.3.3.tgz#46680b7a873a0d5d10005995eb90a70d74d60127"

tinyglobby@^0.2.17:
  version "0.2.17"
  resolved "https://registry.yarnpkg.com/tinyglobby/-/tinyglobby-0.2.17.tgz#562a9a6c9eb2b3b123d39719f9af5bb44fcd7631"
  dependencies:
    fdir "^6.5.0"
    picomatch "^4.0.4"

use-sync-external-store@^1.2.2, use-sync-external-store@^1.4.0:
  version "1.7.0"
  resolved "https://registry.yarnpkg.com/use-sync-external-store/-/use-sync-external-store-1.7.0.tgz#6dcb66ef569e02f186af6b3d575f414ce746e18f"

victory-vendor@^37.0.2:
  version "37.3.6"
  resolved "https://registry.yarnpkg.com/victory-vendor/-/victory-vendor-37.3.6.tgz#401ac4b029a0b3d33e0cba8e8a1d765c487254da"
  dependencies:
    "@types/d3-array" "^3.0.3"
    "@types/d3-ease" "^3.0.0"
    "@types/d3-interpolate" "^3.0.1"
    "@types/d3-scale" "^4.0.2"
    "@types/d3-shape" "^3.1.0"
    "@types/d3-time" "^3.0.0"
    "@types/d3-timer" "^3.0.0"
    d3-array "^3.1.6"
    d3-ease "^3.0.1"
    d3-interpolate "^3.0.1"
    d3-scale "^4.0.2"
    d3-shape "^3.1.0"
    d3-time "^3.0.0"
    d3-timer "^3.0.1"

vite@^8.3.0:
  version "8.3.2"
  resolved "https://registry.yarnpkg.com/vite/-/vite-8.3.2.tgz#391d1e62761b343435b8e4b512e449a4f90670a3"
  dependencies:
    lightningcss "^1.33.0"
    picomatch "^4.0.7"
    postcss "^8.5.28"
    rolldown "~1.2.11"
    tinyglobby "^0.2.17"
  optionalDependencies:
    fsevents "~2.3.3"
